
Microsoft Visual Studio Solution File, Format Version 12.00
# Visual Studio Version 17
VisualStudioVersion = 17.8.34525.116
MinimumVisualStudioVersion = 10.0.40219.1
Project("{FAE04EC0-301F-11D3-BF4B-00C04F79EFBC}") = "Calculator", "Calculator\Calculator.csproj", "{0044D926-5D3B-47C9-968A-299BD6F78190}"
EndProject
Project("{FAE04EC0-301F-11D3-BF4B-00C04F79EFBC}") = "TestCalculator", "TestCalculator\TestCalculator.csproj", "{CE967FE0-3C7C-4C24-AFFC-6013AB41526B}"
EndProject
Global
	GlobalSection(SolutionConfigurationPlatforms) = preSolution
		Debug|Any CPU = Debug|Any CPU
		Release|Any CPU = Release|Any CPU
	EndGlobalSection
	GlobalSection(ProjectConfigurationPlatforms) = postSolution
		{0044D926-5D3B-47C9-968A-299BD6F78190}.Debug|Any CPU.ActiveCfg = Debug|Any CPU
		{0044D926-5D3B-47C9-968A-299BD6F78190}.Debug|Any CPU.Build.0 = Debug|Any CPU
		{0044D926-5D3B-47C9-968A-299BD6F78190}.Release|Any CPU.ActiveCfg = Release|Any CPU
		{0044D926-5D3B-47C9-968A-299BD6F78190}.Release|Any CPU.Build.0 = Release|Any CPU
		{CE967FE0-3C7C-4C24-AFFC-6013AB41526B}.Debug|Any CPU.ActiveCfg = Debug|Any CPU
		{CE967FE0-3C7C-4C24-AFFC-6013AB41526B}.Debug|Any CPU.Build.0 = Debug|Any CPU
		{CE967FE0-3C7C-4C24-AFFC-6013AB41526B}.Release|Any CPU.ActiveCfg = Release|Any CPU
		{CE967FE0-3C7C-4C24-AFFC-6013AB41526B}.Release|Any CPU.Build.0 = Release|Any CPU
	EndGlobalSection
	GlobalSection(SolutionProperties) = preSolution
		HideSolutionNode = FALSE
	EndGlobalSection
	GlobalSection(ExtensibilityGlobals) = postSolution
		SolutionGuid = {2FB24539-76AD-4000-9BCB-927AF97D5762}
	EndGlobalSection
EndGlobal
